// !$*UTF8*$!
{
	archiveVersion = 1;
	classes = {
	};
	objectVersion = 56;
	objects = {

/* Begin PBXBuildFile section */
		5A82B1422AA7A306003F1486 /* DescView.swift in Sources */ = {isa = PBXBuildFile; fileRef = 5A82B1412AA7A306003F1486 /* DescView.swift */; };
		5A82B1442AA7A68D003F1486 /* UserView.swift in Sources */ = {isa = PBXBuildFile; fileRef = 5A82B1432AA7A68D003F1486 /* UserView.swift */; };
		5A9D80892AA2E4E700F9677C /* CSDS395App.swift in Sources */ = {isa = PBXBuildFile; fileRef = 5A9D80882AA2E4E700F9677C /* CSDS395App.swift */; };
		5A9D808B2AA2E4E700F9677C /* HomeView.swift in Sources */ = {isa = PBXBuildFile; fileRef = 5A9D808A2AA2E4E700F9677C /* HomeView.swift */; };
		5A9D808D2AA2E4E900F9677C /* Assets.xcassets in Resources */ = {isa = PBXBuildFile; fileRef = 5A9D808C2AA2E4E900F9677C /* Assets.xcassets */; };
		5A9D80902AA2E4E900F9677C /* Preview Assets.xcassets in Resources */ = {isa = PBXBuildFile; fileRef = 5A9D808F2AA2E4E900F9677C /* Preview Assets.xcassets */; };
		5A9D80952AA2E4E900F9677C /* CSDS395.xcdatamodeld in Sources */ = {isa = PBXBuildFile; fileRef = 5A9D80932AA2E4E900F9677C /* CSDS395.xcdatamodeld */; };
		5A9D809C2AA2EC8900F9677C /* AppController.swift in Sources */ = {isa = PBXBuildFile; fileRef = 5A9D809B2AA2EC8900F9677C /* AppController.swift */; };
		5A9D809E2AA2F36900F9677C /* ModuleView.swift in Sources */ = {isa = PBXBuildFile; fileRef = 5A9D809D2AA2F36900F9677C /* ModuleView.swift */; };
/* End PBXBuildFile section */

/* Begin PBXFileReference section */
		5A82B1412AA7A306003F1486 /* DescView.swift */ = {isa = PBXFileReference; lastKnownFileType = sourcecode.swift; path = DescView.swift; sourceTree = "<group>"; };
		5A82B1432AA7A68D003F1486 /* UserView.swift */ = {isa = PBXFileReference; lastKnownFileType = sourcecode.swift; path = UserView.swift; sourceTree = "<group>"; };
		5A9D80852AA2E4E700F9677C /* CSDS395.app */ = {isa = PBXFileReference; explicitFileType = wrapper.application; includeInIndex = 0; path = CSDS395.app; sourceTree = BUILT_PRODUCTS_DIR; };
		5A9D80882AA2E4E700F9677C /* CSDS395App.swift */ = {isa = PBXFileReference; lastKnownFileType = sourcecode.swift; path = CSDS395App.swift; sourceTree = "<group>"; };
		5A9D808A2AA2E4E700F9677C /* HomeView.swift */ = {isa = PBXFileReference; lastKnownFileType = sourcecode.swift; path = HomeView.swift; sourceTree = "<group>"; };
		5A9D808C2AA2E4E900F9677C /* Assets.xcassets */ = {isa = PBXFileReference; lastKnownFileType = folder.assetcatalog; path = Assets.xcassets; sourceTree = "<group>"; };
		5A9D808F2AA2E4E900F9677C /* Preview Assets.xcassets */ = {isa = PBXFileReference; lastKnownFileType = folder.assetcatalog; path = "Preview Assets.xcassets"; sourceTree = "<group>"; };
		5A9D80942AA2E4E900F9677C /* CSDS395.xcdatamodel */ = {isa = PBXFileReference; lastKnownFileType = wrapper.xcdatamodel; path = CSDS395.xcdatamodel; sourceTree = "<group>"; };
		5A9D809B2AA2EC8900F9677C /* AppController.swift */ = {isa = PBXFileReference; lastKnownFileType = sourcecode.swift; path = AppController.swift; sourceTree = "<group>"; };
		5A9D809D2AA2F36900F9677C /* ModuleView.swift */ = {isa = PBXFileReference; lastKnownFileType = sourcecode.swift; path = ModuleView.swift; sourceTree = "<group>"; };
/* End PBXFileReference section */

/* Begin PBXFrameworksBuildPhase section */
		5A9D80822AA2E4E700F9677C /* Frameworks */ = {
			isa = PBXFrameworksBuildPhase;
			buildActionMask = 2147483647;
			files = (
			);
			runOnlyForDeploymentPostprocessing = 0;
		};
/* End PBXFrameworksBuildPhase section */

/* Begin PBXGroup section */
		5A11AD3C2AA79D3100F7C594 /* Pages */ = {
			isa = PBXGroup;
			children = (
				5A9D808A2AA2E4E700F9677C /* HomeView.swift */,
				5A9D809D2AA2F36900F9677C /* ModuleView.swift */,
				5A82B1412AA7A306003F1486 /* DescView.swift */,
				5A82B1432AA7A68D003F1486 /* UserView.swift */,
			);
			path = Pages;
			sourceTree = "<group>";
		};
		5A9D807C2AA2E4E700F9677C = {
			isa = PBXGroup;
			children = (
				5A9D80872AA2E4E700F9677C /* CSDS395 */,
				5A9D80862AA2E4E700F9677C /* Products */,
			);
			sourceTree = "<group>";
		};
		5A9D80862AA2E4E700F9677C /* Products */ = {
			isa = PBXGroup;
			children = (
				5A9D80852AA2E4E700F9677C /* CSDS395.app */,
			);
			name = Products;
			sourceTree = "<group>";
		};
		5A9D80872AA2E4E700F9677C /* CSDS395 */ = {
			isa = PBXGroup;
			children = (
				5A11AD3C2AA79D3100F7C594 /* Pages */,
				5A9D809B2AA2EC8900F9677C /* AppController.swift */,
				5A9D80882AA2E4E700F9677C /* CSDS395App.swift */,
				5A9D808C2AA2E4E900F9677C /* Assets.xcassets */,
				5A9D80932AA2E4E900F9677C /* CSDS395.xcdatamodeld */,
				5A9D808E2AA2E4E900F9677C /* Preview Content */,
			);
			path = CSDS395;
			sourceTree = "<group>";
		};
		5A9D808E2AA2E4E900F9677C /* Preview Content */ = {
			isa = PBXGroup;
			children = (
				5A9D808F2AA2E4E900F9677C /* Preview Assets.xcassets */,
			);
			path = "Preview Content";
			sourceTree = "<group>";
		};
/* End PBXGroup section */

/* Begin PBXNativeTarget section */
		5A9D80842AA2E4E700F9677C /* CSDS395 */ = {
			isa = PBXNativeTarget;
			buildConfigurationList = 5A9D80982AA2E4E900F9677C /* Build configuration list for PBXNativeTarget "CSDS395" */;
			buildPhases = (
				5A9D80812AA2E4E700F9677C /* Sources */,
				5A9D80822AA2E4E700F9677C /* Frameworks */,
				5A9D80832AA2E4E700F9677C /* Resources */,
			);
			buildRules = (
			);
			dependencies = (
			);
			name = CSDS395;
			productName = CSDS395;
			productReference = 5A9D80852AA2E4E700F9677C /* CSDS395.app */;
			productType = "com.apple.product-type.application";
		};
/* End PBXNativeTarget section */

/* Begin PBXProject section */
		5A9D807D2AA2E4E700F9677C /* Project object */ = {
			isa = PBXProject;
			attributes = {
				BuildIndependentTargetsInParallel = 1;
				LastSwiftUpdateCheck = 1430;
				LastUpgradeCheck = 1430;
				TargetAttributes = {
					5A9D80842AA2E4E700F9677C = {
						CreatedOnToolsVersion = 14.3.1;
					};
				};
			};
			buildConfigurationList = 5A9D80802AA2E4E700F9677C /* Build configuration list for PBXProject "CSDS395" */;
			compatibilityVersion = "Xcode 14.0";
			developmentRegion = en;
			hasScannedForEncodings = 0;
			knownRegions = (
				en,
				Base,
			);
			mainGroup = 5A9D807C2AA2E4E700F9677C;
			productRefGroup = 5A9D80862AA2E4E700F9677C /* Products */;
			projectDirPath = "";
			projectRoot = "";
			targets = (
				5A9D80842AA2E4E700F9677C /* CSDS395 */,
			);
		};
/* End PBXProject section */

/* Begin PBXResourcesBuildPhase section */
		5A9D80832AA2E4E700F9677C /* Resources */ = {
			isa = PBXResourcesBuildPhase;
			buildActionMask = 2147483647;
			files = (
				5A9D80902AA2E4E900F9677C /* Preview Assets.xcassets in Resources */,
				5A9D808D2AA2E4E900F9677C /* Assets.xcassets in Resources */,
			);
			runOnlyForDeploymentPostprocessing = 0;
		};
/* End PBXResourcesBuildPhase section */

/* Begin PBXSourcesBuildPhase section */
		5A9D80812AA2E4E700F9677C /* Sources */ = {
			isa = PBXSourcesBuildPhase;
			buildActionMask = 2147483647;
			files = (
				5A9D809C2AA2EC8900F9677C /* AppController.swift in Sources */,
				5A9D808B2AA2E4E700F9677C /* HomeView.swift in Sources */,
				5A9D80952AA2E4E900F9677C /* CSDS395.xcdatamodeld in Sources */,
				5A9D809E2AA2F36900F9677C /* ModuleView.swift in Sources */,
				5A9D80892AA2E4E700F9677C /* CSDS395App.swift in Sources */,
				5A82B1422AA7A306003F1486 /* DescView.swift in Sources */,
				5A82B1442AA7A68D003F1486 /* UserView.swift in Sources */,
			);
			runOnlyForDeploymentPostprocessing = 0;
		};
/* End PBXSourcesBuildPhase section */

/* Begin XCBuildConfiguration section */
		5A9D80962AA2E4E900F9677C /* Debug */ = {
			isa = XCBuildConfiguration;
			buildSettings = {
				ALWAYS_SEARCH_USER_PATHS = NO;
				CLANG_ANALYZER_NONNULL = YES;
				CLANG_ANALYZER_NUMBER_OBJECT_CONVERSION = YES_AGGRESSIVE;
				CLANG_CXX_LANGUAGE_STANDARD = "gnu++20";
				CLANG_ENABLE_MODULES = YES;
				CLANG_ENABLE_OBJC_ARC = YES;
				CLANG_ENABLE_OBJC_WEAK = YES;
				CLANG_WARN_BLOCK_CAPTURE_AUTORELEASING = YES;
				CLANG_WARN_BOOL_CONVERSION = YES;
				CLANG_WARN_COMMA = YES;
				CLANG_WARN_CONSTANT_CONVERSION = YES;
				CLANG_WARN_DEPRECATED_OBJC_IMPLEMENTATIONS = YES;
				CLANG_WARN_DIRECT_OBJC_ISA_USAGE = YES_ERROR;
				CLANG_WARN_DOCUMENTATION_COMMENTS = YES;
				CLANG_WARN_EMPTY_BODY = YES;
				CLANG_WARN_ENUM_CONVERSION = YES;
				CLANG_WARN_INFINITE_RECURSION = YES;
				CLANG_WARN_INT_CONVERSION = YES;
				CLANG_WARN_NON_LITERAL_NULL_CONVERSION = YES;
				CLANG_WARN_OBJC_IMPLICIT_RETAIN_SELF = YES;
				CLANG_WARN_OBJC_LITERAL_CONVERSION = YES;
				CLANG_WARN_OBJC_ROOT_CLASS = YES_ERROR;
				CLANG_WARN_QUOTED_INCLUDE_IN_FRAMEWORK_HEADER = YES;
				CLANG_WARN_RANGE_LOOP_ANALYSIS = YES;
				CLANG_WARN_STRICT_PROTOTYPES = YES;
				CLANG_WARN_SUSPICIOUS_MOVE = YES;
				CLANG_WARN_UNGUARDED_AVAILABILITY = YES_AGGRESSIVE;
				CLANG_WARN_UNREACHABLE_CODE = YES;
				CLANG_WARN__DUPLICATE_METHOD_MATCH = YES;
				COPY_PHASE_STRIP = NO;
				DEBUG_INFORMATION_FORMAT = dwarf;
				ENABLE_STRICT_OBJC_MSGSEND = YES;
				ENABLE_TESTABILITY = YES;
				GCC_C_LANGUAGE_STANDARD = gnu11;
				GCC_DYNAMIC_NO_PIC = NO;
				GCC_NO_COMMON_BLOCKS = YES;
				GCC_OPTIMIZATION_LEVEL = 0;
				GCC_PREPROCESSOR_DEFINITIONS = (
					"DEBUG=1",
					"$(inherited)",
				);
				GCC_WARN_64_TO_32_BIT_CONVERSION = YES;
				GCC_WARN_ABOUT_RETURN_TYPE = YES_ERROR;
				GCC_WARN_UNDECLARED_SELECTOR = YES;
				GCC_WARN_UNINITIALIZED_AUTOS = YES_AGGRESSIVE;
				GCC_WARN_UNUSED_FUNCTION = YES;
				GCC_WARN_UNUSED_VARIABLE = YES;
				IPHONEOS_DEPLOYMENT_TARGET = 16.4;
				MTL_ENABLE_DEBUG_INFO = INCLUDE_SOURCE;
				MTL_FAST_MATH = YES;
				ONLY_ACTIVE_ARCH = YES;
				SDKROOT = iphoneos;
				SWIFT_ACTIVE_COMPILATION_CONDITIONS = DEBUG;
				SWIFT_OPTIMIZATION_LEVEL = "-Onone";
			};
			name = Debug;
		};
		5A9D80972AA2E4E900F9677C /* Release */ = {
			isa = XCBuildConfiguration;
			buildSettings = {
				ALWAYS_SEARCH_USER_PATHS = NO;
				CLANG_ANALYZER_NONNULL = YES;
				CLANG_ANALYZER_NUMBER_OBJECT_CONVERSION = YES_AGGRESSIVE;
				CLANG_CXX_LANGUAGE_STANDARD = "gnu++20";
				CLANG_ENABLE_MODULES = YES;
				CLANG_ENABLE_OBJC_ARC = YES;
				CLANG_ENABLE_OBJC_WEAK = YES;
				CLANG_WARN_BLOCK_CAPTURE_AUTORELEASING = YES;
				CLANG_WARN_BOOL_CONVERSION = YES;
				CLANG_WARN_COMMA = YES;
				CLANG_WARN_CONSTANT_CONVERSION = YES;
				CLANG_WARN_DEPRECATED_OBJC_IMPLEMENTATIONS = YES;
				CLANG_WARN_DIRECT_OBJC_ISA_USAGE = YES_ERROR;
				CLANG_WARN_DOCUMENTATION_COMMENTS = YES;
				CLANG_WARN_EMPTY_BODY = YES;
				CLANG_WARN_ENUM_CONVERSION = YES;
				CLANG_WARN_INFINITE_RECURSION = YES;
				CLANG_WARN_INT_CONVERSION = YES;
				CLANG_WARN_NON_LITERAL_NULL_CONVERSION = YES;
				CLANG_WARN_OBJC_IMPLICIT_RETAIN_SELF = YES;
				CLANG_WARN_OBJC_LITERAL_CONVERSION = YES;
				CLANG_WARN_OBJC_ROOT_CLASS = YES_ERROR;
				CLANG_WARN_QUOTED_INCLUDE_IN_FRAMEWORK_HEADER = YES;
				CLANG_WARN_RANGE_LOOP_ANALYSIS = YES;
				CLANG_WARN_STRICT_PROTOTYPES = YES;
				CLANG_WARN_SUSPICIOUS_MOVE = YES;
				CLANG_WARN_UNGUARDED_AVAILABILITY = YES_AGGRESSIVE;
				CLANG_WARN_UNREACHABLE_CODE = YES;
				CLANG_WARN__DUPLICATE_METHOD_MATCH = YES;
				COPY_PHASE_STRIP = NO;
				DEBUG_INFORMATION_FORMAT = "dwarf-with-dsym";
				ENABLE_NS_ASSERTIONS = NO;
				ENABLE_STRICT_OBJC_MSGSEND = YES;
				GCC_C_LANGUAGE_STANDARD = gnu11;
				GCC_NO_COMMON_BLOCKS = YES;
				GCC_WARN_64_TO_32_BIT_CONVERSION = YES;
				GCC_WARN_ABOUT_RETURN_TYPE = YES_ERROR;
				GCC_WARN_UNDECLARED_SELECTOR = YES;
				GCC_WARN_UNINITIALIZED_AUTOS = YES_AGGRESSIVE;
				GCC_WARN_UNUSED_FUNCTION = YES;
				GCC_WARN_UNUSED_VARIABLE = YES;
				IPHONEOS_DEPLOYMENT_TARGET = 16.4;
				MTL_ENABLE_DEBUG_INFO = NO;
				MTL_FAST_MATH = YES;
				SDKROOT = iphoneos;
				SWIFT_COMPILATION_MODE = wholemodule;
				SWIFT_OPTIMIZATION_LEVEL = "-O";
				VALIDATE_PRODUCT = YES;
			};
			name = Release;
		};
		5A9D80992AA2E4E900F9677C /* Debug */ = {
			isa = XCBuildConfiguration;
			buildSettings = {
				ASSETCATALOG_COMPILER_APPICON_NAME = AppIcon;
				ASSETCATALOG_COMPILER_GLOBAL_ACCENT_COLOR_NAME = AccentColor;
				CODE_SIGN_STYLE = Automatic;
				CURRENT_PROJECT_VERSION = 1;
				DEVELOPMENT_ASSET_PATHS = "\"CSDS395/Preview Content\"";
				DEVELOPMENT_TEAM = L86FF63ZZ9;
				ENABLE_PREVIEWS = YES;
				GENERATE_INFOPLIST_FILE = YES;
				INFOPLIST_KEY_UIApplicationSceneManifest_Generation = YES;
				INFOPLIST_KEY_UIApplicationSupportsIndirectInputEvents = YES;
				INFOPLIST_KEY_UILaunchScreen_Generation = YES;
				INFOPLIST_KEY_UISupportedInterfaceOrientations_iPad = "UIInterfaceOrientationPortrait UIInterfaceOrientationPortraitUpsideDown UIInterfaceOrientationLandscapeLeft UIInterfaceOrientationLandscapeRight";
				INFOPLIST_KEY_UISupportedInterfaceOrientations_iPhone = "UIInterfaceOrientationPortrait UIInterfaceOrientationLandscapeLeft UIInterfaceOrientationLandscapeRight";
				LD_RUNPATH_SEARCH_PATHS = (
					"$(inherited)",
					"@executable_path/Frameworks",
				);
				MARKETING_VERSION = 1.0;
				PRODUCT_BUNDLE_IDENTIFIER = com.SRPROJ.CSDS395;
				PRODUCT_NAME = "$(TARGET_NAME)";
				SWIFT_EMIT_LOC_STRINGS = YES;
				SWIFT_VERSION = 5.0;
				TARGETED_DEVICE_FAMILY = "1,2";
			};
			name = Debug;
		};
		5A9D809A2AA2E4E900F9677C /* Release */ = {
			isa = XCBuildConfiguration;
			buildSettings = {
				ASSETCATALOG_COMPILER_APPICON_NAME = AppIcon;
				ASSETCATALOG_COMPILER_GLOBAL_ACCENT_COLOR_NAME = AccentColor;
				CODE_SIGN_STYLE = Automatic;
				CURRENT_PROJECT_VERSION = 1;
				DEVELOPMENT_ASSET_PATHS = "\"CSDS395/Preview Content\"";
				DEVELOPMENT_TEAM = L86FF63ZZ9;
				ENABLE_PREVIEWS = YES;
				GENERATE_INFOPLIST_FILE = YES;
				INFOPLIST_KEY_UIApplicationSceneManifest_Generation = YES;
				INFOPLIST_KEY_UIApplicationSupportsIndirectInputEvents = YES;
				INFOPLIST_KEY_UILaunchScreen_Generation = YES;
				INFOPLIST_KEY_UISupportedInterfaceOrientations_iPad = "UIInterfaceOrientationPortrait UIInterfaceOrientationPortraitUpsideDown UIInterfaceOrientationLandscapeLeft UIInterfaceOrientationLandscapeRight";
				INFOPLIST_KEY_UISupportedInterfaceOrientations_iPhone = "UIInterfaceOrientationPortrait UIInterfaceOrientationLandscapeLeft UIInterfaceOrientationLandscapeRight";
				LD_RUNPATH_SEARCH_PATHS = (
					"$(inherited)",
					"@executable_path/Frameworks",
				);
				MARKETING_VERSION = 1.0;
				PRODUCT_BUNDLE_IDENTIFIER = com.SRPROJ.CSDS395;
				PRODUCT_NAME = "$(TARGET_NAME)";
				SWIFT_EMIT_LOC_STRINGS = YES;
				SWIFT_VERSION = 5.0;
				TARGETED_DEVICE_FAMILY = "1,2";
			};
			name = Release;
		};
/* End XCBuildConfiguration section */

/* Begin XCConfigurationList section */
		5A9D80802AA2E4E700F9677C /* Build configuration list for PBXProject "CSDS395" */ = {
			isa = XCConfigurationList;
			buildConfigurations = (
				5A9D80962AA2E4E900F9677C /* Debug */,
				5A9D80972AA2E4E900F9677C /* Release */,
			);
			defaultConfigurationIsVisible = 0;
			defaultConfigurationName = Release;
		};
		5A9D80982AA2E4E900F9677C /* Build configuration list for PBXNativeTarget "CSDS395" */ = {
			isa = XCConfigurationList;
			buildConfigurations = (
				5A9D80992AA2E4E900F9677C /* Debug */,
				5A9D809A2AA2E4E900F9677C /* Release */,
			);
			defaultConfigurationIsVisible = 0;
			defaultConfigurationName = Release;
		};
/* End XCConfigurationList section */

/* Begin XCVersionGroup section */
		5A9D80932AA2E4E900F9677C /* CSDS395.xcdatamodeld */ = {
			isa = XCVersionGroup;
			children = (
				5A9D80942AA2E4E900F9677C /* CSDS395.xcdatamodel */,
			);
			currentVersion = 5A9D80942AA2E4E900F9677C /* CSDS395.xcdatamodel */;
			path = CSDS395.xcdatamodeld;
			sourceTree = "<group>";
			versionGroupType = wrapper.xcdatamodel;
		};
/* End XCVersionGroup section */
	};
	rootObject = 5A9D807D2AA2E4E700F9677C /* Project object */;
}
