// !$*UTF8*$!
{
	archiveVersion = 1;
	classes = {
	};
	objectVersion = 56;
	objects = {

/* Begin PBXBuildFile section */
		2F8D87D52AAA3EA20057E8C3 /* LoginView.swift in Sources */ = {isa = PBXBuildFile; fileRef = 2F8D87D42AAA3EA20057E8C3 /* LoginView.swift */; };
		2F8D87DF2AAFF5160057E8C3 /* UserController.swift in Sources */ = {isa = PBXBuildFile; fileRef = 2F8D87DE2AAFF5160057E8C3 /* UserController.swift */; };
		2F8D87E62AD497800057E8C3 /* Users.swift in Sources */ = {isa = PBXBuildFile; fileRef = 2F8D87E52AD497800057E8C3 /* Users.swift */; };
		5A79D89E2AF5E75C00682DC2 /* WrappingHStack in Frameworks */ = {isa = PBXBuildFile; productRef = 5A79D89D2AF5E75C00682DC2 /* WrappingHStack */; };
		5A79D8A02AF5F0CD00682DC2 /* ColorManager.swift in Sources */ = {isa = PBXBuildFile; fileRef = 5A79D89F2AF5F0CD00682DC2 /* ColorManager.swift */; };
		5A82B1422AA7A306003F1486 /* DescView.swift in Sources */ = {isa = PBXBuildFile; fileRef = 5A82B1412AA7A306003F1486 /* DescView.swift */; };
		5A82B1442AA7A68D003F1486 /* UserView.swift in Sources */ = {isa = PBXBuildFile; fileRef = 5A82B1432AA7A68D003F1486 /* UserView.swift */; };
		5A94ABC12ABA1170009BA3D3 /* UserDataController.swift in Sources */ = {isa = PBXBuildFile; fileRef = 5A94ABC02ABA1170009BA3D3 /* UserDataController.swift */; };
		5A94ABC32ABA11F1009BA3D3 /* MainView.swift in Sources */ = {isa = PBXBuildFile; fileRef = 5A94ABC22ABA11F1009BA3D3 /* MainView.swift */; };
		5A9D80892AA2E4E700F9677C /* CSDS395App.swift in Sources */ = {isa = PBXBuildFile; fileRef = 5A9D80882AA2E4E700F9677C /* CSDS395App.swift */; };
		5A9D808B2AA2E4E700F9677C /* HomeView.swift in Sources */ = {isa = PBXBuildFile; fileRef = 5A9D808A2AA2E4E700F9677C /* HomeView.swift */; };
		5A9D808D2AA2E4E900F9677C /* Assets.xcassets in Resources */ = {isa = PBXBuildFile; fileRef = 5A9D808C2AA2E4E900F9677C /* Assets.xcassets */; };
		5A9D80902AA2E4E900F9677C /* Preview Assets.xcassets in Resources */ = {isa = PBXBuildFile; fileRef = 5A9D808F2AA2E4E900F9677C /* Preview Assets.xcassets */; };
		5A9D80952AA2E4E900F9677C /* CSDS395.xcdatamodeld in Sources */ = {isa = PBXBuildFile; fileRef = 5A9D80932AA2E4E900F9677C /* CSDS395.xcdatamodeld */; };
		5A9D809C2AA2EC8900F9677C /* AppController.swift in Sources */ = {isa = PBXBuildFile; fileRef = 5A9D809B2AA2EC8900F9677C /* AppController.swift */; };
		5A9D809E2AA2F36900F9677C /* ModuleView.swift in Sources */ = {isa = PBXBuildFile; fileRef = 5A9D809D2AA2F36900F9677C /* ModuleView.swift */; };
		5AA76C062AF6D3CC00C281E7 /* NextButton.swift in Sources */ = {isa = PBXBuildFile; fileRef = 5AA76C052AF6D3CC00C281E7 /* NextButton.swift */; };
		5AE7C5602AB50B37000D51A6 /* DragAndDropView.swift in Sources */ = {isa = PBXBuildFile; fileRef = 5AE7C55F2AB50B37000D51A6 /* DragAndDropView.swift */; };
		9427248D2AA8271E006F0DBF /* QuestionView.swift in Sources */ = {isa = PBXBuildFile; fileRef = 9427248C2AA8271E006F0DBF /* QuestionView.swift */; };
		9427248F2AA82CC6006F0DBF /* Questions.swift in Sources */ = {isa = PBXBuildFile; fileRef = 9427248E2AA82CC6006F0DBF /* Questions.swift */; };
		9472CD4B2AE0623E004DB195 /* jsonsFiles in Resources */ = {isa = PBXBuildFile; fileRef = 9472CD4A2AE0623E004DB195 /* jsonsFiles */; };
		948045BB2B03EDBA006B9B25 /* MultiSelectView.swift in Sources */ = {isa = PBXBuildFile; fileRef = 948045BA2B03EDBA006B9B25 /* MultiSelectView.swift */; };
		948045BD2B03F3AE006B9B25 /* MultipleChoiceView.swift in Sources */ = {isa = PBXBuildFile; fileRef = 948045BC2B03F3AD006B9B25 /* MultipleChoiceView.swift */; };
		948996252AD9E19D003C6CD8 /* JsonFileManager.swift in Sources */ = {isa = PBXBuildFile; fileRef = 948996242AD9E19D003C6CD8 /* JsonFileManager.swift */; };
		BF6DE02D2AAE79F0004E19F8 /* AWSManager.swift in Sources */ = {isa = PBXBuildFile; fileRef = BF6DE02C2AAE79F0004E19F8 /* AWSManager.swift */; };
		BF6DE0302AAE82E8004E19F8 /* SotoS3 in Frameworks */ = {isa = PBXBuildFile; productRef = BF6DE02F2AAE82E8004E19F8 /* SotoS3 */; };
/* End PBXBuildFile section */

/* Begin PBXFileReference section */
		2F8D87D42AAA3EA20057E8C3 /* LoginView.swift */ = {isa = PBXFileReference; lastKnownFileType = sourcecode.swift; path = LoginView.swift; sourceTree = "<group>"; };
		2F8D87DE2AAFF5160057E8C3 /* UserController.swift */ = {isa = PBXFileReference; lastKnownFileType = sourcecode.swift; path = UserController.swift; sourceTree = "<group>"; };
		2F8D87E52AD497800057E8C3 /* Users.swift */ = {isa = PBXFileReference; lastKnownFileType = sourcecode.swift; path = Users.swift; sourceTree = "<group>"; };
		5A79D89F2AF5F0CD00682DC2 /* ColorManager.swift */ = {isa = PBXFileReference; lastKnownFileType = sourcecode.swift; path = ColorManager.swift; sourceTree = "<group>"; };
		5A82B1412AA7A306003F1486 /* DescView.swift */ = {isa = PBXFileReference; lastKnownFileType = sourcecode.swift; path = DescView.swift; sourceTree = "<group>"; };
		5A82B1432AA7A68D003F1486 /* UserView.swift */ = {isa = PBXFileReference; lastKnownFileType = sourcecode.swift; path = UserView.swift; sourceTree = "<group>"; };
		5A94ABC02ABA1170009BA3D3 /* UserDataController.swift */ = {isa = PBXFileReference; lastKnownFileType = sourcecode.swift; path = UserDataController.swift; sourceTree = "<group>"; };
		5A94ABC22ABA11F1009BA3D3 /* MainView.swift */ = {isa = PBXFileReference; lastKnownFileType = sourcecode.swift; path = MainView.swift; sourceTree = "<group>"; };
		5A9D80852AA2E4E700F9677C /* CSDS395.app */ = {isa = PBXFileReference; explicitFileType = wrapper.application; includeInIndex = 0; path = CSDS395.app; sourceTree = BUILT_PRODUCTS_DIR; };
		5A9D80882AA2E4E700F9677C /* CSDS395App.swift */ = {isa = PBXFileReference; lastKnownFileType = sourcecode.swift; path = CSDS395App.swift; sourceTree = "<group>"; };
		5A9D808A2AA2E4E700F9677C /* HomeView.swift */ = {isa = PBXFileReference; lastKnownFileType = sourcecode.swift; path = HomeView.swift; sourceTree = "<group>"; };
		5A9D808C2AA2E4E900F9677C /* Assets.xcassets */ = {isa = PBXFileReference; lastKnownFileType = folder.assetcatalog; path = Assets.xcassets; sourceTree = "<group>"; };
		5A9D808F2AA2E4E900F9677C /* Preview Assets.xcassets */ = {isa = PBXFileReference; lastKnownFileType = folder.assetcatalog; path = "Preview Assets.xcassets"; sourceTree = "<group>"; };
		5A9D80942AA2E4E900F9677C /* CSDS395.xcdatamodel */ = {isa = PBXFileReference; lastKnownFileType = wrapper.xcdatamodel; path = CSDS395.xcdatamodel; sourceTree = "<group>"; };
		5A9D809B2AA2EC8900F9677C /* AppController.swift */ = {isa = PBXFileReference; lastKnownFileType = sourcecode.swift; path = AppController.swift; sourceTree = "<group>"; };
		5A9D809D2AA2F36900F9677C /* ModuleView.swift */ = {isa = PBXFileReference; lastKnownFileType = sourcecode.swift; path = ModuleView.swift; sourceTree = "<group>"; };
		5AA76C052AF6D3CC00C281E7 /* NextButton.swift */ = {isa = PBXFileReference; lastKnownFileType = sourcecode.swift; path = NextButton.swift; sourceTree = "<group>"; };
		5AE7C55F2AB50B37000D51A6 /* DragAndDropView.swift */ = {isa = PBXFileReference; lastKnownFileType = sourcecode.swift; path = DragAndDropView.swift; sourceTree = "<group>"; };
		9427248C2AA8271E006F0DBF /* QuestionView.swift */ = {isa = PBXFileReference; lastKnownFileType = sourcecode.swift; path = QuestionView.swift; sourceTree = "<group>"; };
		9427248E2AA82CC6006F0DBF /* Questions.swift */ = {isa = PBXFileReference; lastKnownFileType = sourcecode.swift; path = Questions.swift; sourceTree = "<group>"; };
		9472CD4A2AE0623E004DB195 /* jsonsFiles */ = {isa = PBXFileReference; lastKnownFileType = folder; name = jsonsFiles; path = CSDS395/Backend/jsonsFiles; sourceTree = "<group>"; };
		948045BA2B03EDBA006B9B25 /* MultiSelectView.swift */ = {isa = PBXFileReference; lastKnownFileType = sourcecode.swift; path = MultiSelectView.swift; sourceTree = "<group>"; };
		948045BC2B03F3AD006B9B25 /* MultipleChoiceView.swift */ = {isa = PBXFileReference; lastKnownFileType = sourcecode.swift; path = MultipleChoiceView.swift; sourceTree = "<group>"; };
		948996242AD9E19D003C6CD8 /* JsonFileManager.swift */ = {isa = PBXFileReference; lastKnownFileType = sourcecode.swift; path = JsonFileManager.swift; sourceTree = "<group>"; };
		BF6DE02C2AAE79F0004E19F8 /* AWSManager.swift */ = {isa = PBXFileReference; lastKnownFileType = sourcecode.swift; path = AWSManager.swift; sourceTree = "<group>"; };
		FD4E07342AAD29DD0032FC13 /* CSDS395.entitlements */ = {isa = PBXFileReference; lastKnownFileType = text.plist.entitlements; path = CSDS395.entitlements; sourceTree = "<group>"; };
/* End PBXFileReference section */

/* Begin PBXFrameworksBuildPhase section */
		5A9D80822AA2E4E700F9677C /* Frameworks */ = {
			isa = PBXFrameworksBuildPhase;
			buildActionMask = 2147483647;
			files = (
				5A79D89E2AF5E75C00682DC2 /* WrappingHStack in Frameworks */,
				BF6DE0302AAE82E8004E19F8 /* SotoS3 in Frameworks */,
			);
			runOnlyForDeploymentPostprocessing = 0;
		};
/* End PBXFrameworksBuildPhase section */

/* Begin PBXGroup section */
		2F8D87DB2AAF79CD0057E8C3 /* Backend */ = {
			isa = PBXGroup;
			children = (
				2F8D87DE2AAFF5160057E8C3 /* UserController.swift */,
				9427248E2AA82CC6006F0DBF /* Questions.swift */,
				5A94ABC02ABA1170009BA3D3 /* UserDataController.swift */,
				2F8D87E52AD497800057E8C3 /* Users.swift */,
				948996242AD9E19D003C6CD8 /* JsonFileManager.swift */,
			);
			path = Backend;
			sourceTree = "<group>";
		};
		5A11AD3C2AA79D3100F7C594 /* Pages */ = {
			isa = PBXGroup;
			children = (
				5AB04A112AA95196007BA4DF /* Question Views */,
				5A9D808A2AA2E4E700F9677C /* HomeView.swift */,
				5A9D809D2AA2F36900F9677C /* ModuleView.swift */,
				5A82B1412AA7A306003F1486 /* DescView.swift */,
				5A82B1432AA7A68D003F1486 /* UserView.swift */,
				9427248C2AA8271E006F0DBF /* QuestionView.swift */,
				2F8D87D42AAA3EA20057E8C3 /* LoginView.swift */,
				5AA76C052AF6D3CC00C281E7 /* NextButton.swift */,
			);
			path = Pages;
			sourceTree = "<group>";
		};
		5A9D807C2AA2E4E700F9677C = {
			isa = PBXGroup;
			children = (
				9472CD4A2AE0623E004DB195 /* jsonsFiles */,
				5A9D80872AA2E4E700F9677C /* CSDS395 */,
				5A9D80862AA2E4E700F9677C /* Products */,
			);
			sourceTree = "<group>";
		};
		5A9D80862AA2E4E700F9677C /* Products */ = {
			isa = PBXGroup;
			children = (
				5A9D80852AA2E4E700F9677C /* CSDS395.app */,
			);
			name = Products;
			sourceTree = "<group>";
		};
		5A9D80872AA2E4E700F9677C /* CSDS395 */ = {
			isa = PBXGroup;
			children = (
				2F8D87DB2AAF79CD0057E8C3 /* Backend */,
				FD4E07342AAD29DD0032FC13 /* CSDS395.entitlements */,
				5A11AD3C2AA79D3100F7C594 /* Pages */,
				5A9D809B2AA2EC8900F9677C /* AppController.swift */,
				5A9D80882AA2E4E700F9677C /* CSDS395App.swift */,
				BF6DE02C2AAE79F0004E19F8 /* AWSManager.swift */,
				5A9D808C2AA2E4E900F9677C /* Assets.xcassets */,
				5A9D80932AA2E4E900F9677C /* CSDS395.xcdatamodeld */,
				5A9D808E2AA2E4E900F9677C /* Preview Content */,
				5A94ABC22ABA11F1009BA3D3 /* MainView.swift */,
				5A79D89F2AF5F0CD00682DC2 /* ColorManager.swift */,
			);
			path = CSDS395;
			sourceTree = "<group>";
		};
		5A9D808E2AA2E4E900F9677C /* Preview Content */ = {
			isa = PBXGroup;
			children = (
				5A9D808F2AA2E4E900F9677C /* Preview Assets.xcassets */,
			);
			path = "Preview Content";
			sourceTree = "<group>";
		};
		5AB04A112AA95196007BA4DF /* Question Views */ = {
			isa = PBXGroup;
			children = (
				5AE7C55F2AB50B37000D51A6 /* DragAndDropView.swift */,
				948045BA2B03EDBA006B9B25 /* MultiSelectView.swift */,
				948045BC2B03F3AD006B9B25 /* MultipleChoiceView.swift */,
			);
			path = "Question Views";
			sourceTree = "<group>";
		};
/* End PBXGroup section */

/* Begin PBXNativeTarget section */
		5A9D80842AA2E4E700F9677C /* CSDS395 */ = {
			isa = PBXNativeTarget;
			buildConfigurationList = 5A9D80982AA2E4E900F9677C /* Build configuration list for PBXNativeTarget "CSDS395" */;
			buildPhases = (
				5A9D80812AA2E4E700F9677C /* Sources */,
				5A9D80822AA2E4E700F9677C /* Frameworks */,
				5A9D80832AA2E4E700F9677C /* Resources */,
			);
			buildRules = (
			);
			dependencies = (
			);
			name = CSDS395;
			packageProductDependencies = (
				BF6DE02F2AAE82E8004E19F8 /* SotoS3 */,
				5A79D89D2AF5E75C00682DC2 /* WrappingHStack */,
			);
			productName = CSDS395;
			productReference = 5A9D80852AA2E4E700F9677C /* CSDS395.app */;
			productType = "com.apple.product-type.application";
		};
/* End PBXNativeTarget section */

/* Begin PBXProject section */
		5A9D807D2AA2E4E700F9677C /* Project object */ = {
			isa = PBXProject;
			attributes = {
				BuildIndependentTargetsInParallel = 1;
				LastSwiftUpdateCheck = 1430;
				LastUpgradeCheck = 1430;
				TargetAttributes = {
					5A9D80842AA2E4E700F9677C = {
						CreatedOnToolsVersion = 14.3.1;
					};
				};
			};
			buildConfigurationList = 5A9D80802AA2E4E700F9677C /* Build configuration list for PBXProject "CSDS395" */;
			compatibilityVersion = "Xcode 14.0";
			developmentRegion = en;
			hasScannedForEncodings = 0;
			knownRegions = (
				en,
				Base,
			);
			mainGroup = 5A9D807C2AA2E4E700F9677C;
			packageReferences = (
				BF6DE02E2AAE82E8004E19F8 /* XCRemoteSwiftPackageReference "soto" */,
				5A79D89C2AF5E75C00682DC2 /* XCRemoteSwiftPackageReference "WrappingHStack" */,
			);
			productRefGroup = 5A9D80862AA2E4E700F9677C /* Products */;
			projectDirPath = "";
			projectRoot = "";
			targets = (
				5A9D80842AA2E4E700F9677C /* CSDS395 */,
			);
		};
/* End PBXProject section */

/* Begin PBXResourcesBuildPhase section */
		5A9D80832AA2E4E700F9677C /* Resources */ = {
			isa = PBXResourcesBuildPhase;
			buildActionMask = 2147483647;
			files = (
				9472CD4B2AE0623E004DB195 /* jsonsFiles in Resources */,
				5A9D80902AA2E4E900F9677C /* Preview Assets.xcassets in Resources */,
				5A9D808D2AA2E4E900F9677C /* Assets.xcassets in Resources */,
			);
			runOnlyForDeploymentPostprocessing = 0;
		};
/* End PBXResourcesBuildPhase section */

/* Begin PBXSourcesBuildPhase section */
		5A9D80812AA2E4E700F9677C /* Sources */ = {
			isa = PBXSourcesBuildPhase;
			buildActionMask = 2147483647;
			files = (
				5A94ABC32ABA11F1009BA3D3 /* MainView.swift in Sources */,
				BF6DE02D2AAE79F0004E19F8 /* AWSManager.swift in Sources */,
				948996252AD9E19D003C6CD8 /* JsonFileManager.swift in Sources */,
				9427248F2AA82CC6006F0DBF /* Questions.swift in Sources */,
				9427248D2AA8271E006F0DBF /* QuestionView.swift in Sources */,
				5A9D809C2AA2EC8900F9677C /* AppController.swift in Sources */,
				948045BB2B03EDBA006B9B25 /* MultiSelectView.swift in Sources */,
				5A79D8A02AF5F0CD00682DC2 /* ColorManager.swift in Sources */,
				5A9D808B2AA2E4E700F9677C /* HomeView.swift in Sources */,
				5A9D80952AA2E4E900F9677C /* CSDS395.xcdatamodeld in Sources */,
				5AA76C062AF6D3CC00C281E7 /* NextButton.swift in Sources */,
				5A9D809E2AA2F36900F9677C /* ModuleView.swift in Sources */,
				5A9D80892AA2E4E700F9677C /* CSDS395App.swift in Sources */,
				2F8D87E62AD497800057E8C3 /* Users.swift in Sources */,
				5A94ABC12ABA1170009BA3D3 /* UserDataController.swift in Sources */,
				2F8D87D52AAA3EA20057E8C3 /* LoginView.swift in Sources */,
				5AE7C5602AB50B37000D51A6 /* DragAndDropView.swift in Sources */,
				2F8D87DF2AAFF5160057E8C3 /* UserController.swift in Sources */,
				5A82B1422AA7A306003F1486 /* DescView.swift in Sources */,
				5A82B1442AA7A68D003F1486 /* UserView.swift in Sources */,
				948045BD2B03F3AE006B9B25 /* MultipleChoiceView.swift in Sources */,
			);
			runOnlyForDeploymentPostprocessing = 0;
		};
/* End PBXSourcesBuildPhase section */

/* Begin XCBuildConfiguration section */
		5A9D80962AA2E4E900F9677C /* Debug */ = {
			isa = XCBuildConfiguration;
			buildSettings = {
				ALWAYS_SEARCH_USER_PATHS = NO;
				CLANG_ANALYZER_NONNULL = YES;
				CLANG_ANALYZER_NUMBER_OBJECT_CONVERSION = YES_AGGRESSIVE;
				CLANG_CXX_LANGUAGE_STANDARD = "gnu++20";
				CLANG_ENABLE_MODULES = YES;
				CLANG_ENABLE_OBJC_ARC = YES;
				CLANG_ENABLE_OBJC_WEAK = YES;
				CLANG_WARN_BLOCK_CAPTURE_AUTORELEASING = YES;
				CLANG_WARN_BOOL_CONVERSION = YES;
				CLANG_WARN_COMMA = YES;
				CLANG_WARN_CONSTANT_CONVERSION = YES;
				CLANG_WARN_DEPRECATED_OBJC_IMPLEMENTATIONS = YES;
				CLANG_WARN_DIRECT_OBJC_ISA_USAGE = YES_ERROR;
				CLANG_WARN_DOCUMENTATION_COMMENTS = YES;
				CLANG_WARN_EMPTY_BODY = YES;
				CLANG_WARN_ENUM_CONVERSION = YES;
				CLANG_WARN_INFINITE_RECURSION = YES;
				CLANG_WARN_INT_CONVERSION = YES;
				CLANG_WARN_NON_LITERAL_NULL_CONVERSION = YES;
				CLANG_WARN_OBJC_IMPLICIT_RETAIN_SELF = YES;
				CLANG_WARN_OBJC_LITERAL_CONVERSION = YES;
				CLANG_WARN_OBJC_ROOT_CLASS = YES_ERROR;
				CLANG_WARN_QUOTED_INCLUDE_IN_FRAMEWORK_HEADER = YES;
				CLANG_WARN_RANGE_LOOP_ANALYSIS = YES;
				CLANG_WARN_STRICT_PROTOTYPES = YES;
				CLANG_WARN_SUSPICIOUS_MOVE = YES;
				CLANG_WARN_UNGUARDED_AVAILABILITY = YES_AGGRESSIVE;
				CLANG_WARN_UNREACHABLE_CODE = YES;
				CLANG_WARN__DUPLICATE_METHOD_MATCH = YES;
				COPY_PHASE_STRIP = NO;
				DEBUG_INFORMATION_FORMAT = dwarf;
				ENABLE_STRICT_OBJC_MSGSEND = YES;
				ENABLE_TESTABILITY = YES;
				GCC_C_LANGUAGE_STANDARD = gnu11;
				GCC_DYNAMIC_NO_PIC = NO;
				GCC_NO_COMMON_BLOCKS = YES;
				GCC_OPTIMIZATION_LEVEL = 0;
				GCC_PREPROCESSOR_DEFINITIONS = (
					"DEBUG=1",
					"$(inherited)",
				);
				GCC_WARN_64_TO_32_BIT_CONVERSION = YES;
				GCC_WARN_ABOUT_RETURN_TYPE = YES_ERROR;
				GCC_WARN_UNDECLARED_SELECTOR = YES;
				GCC_WARN_UNINITIALIZED_AUTOS = YES_AGGRESSIVE;
				GCC_WARN_UNUSED_FUNCTION = YES;
				GCC_WARN_UNUSED_VARIABLE = YES;
				IPHONEOS_DEPLOYMENT_TARGET = 16.4;
				MTL_ENABLE_DEBUG_INFO = INCLUDE_SOURCE;
				MTL_FAST_MATH = YES;
				ONLY_ACTIVE_ARCH = YES;
				SDKROOT = iphoneos;
				SWIFT_ACTIVE_COMPILATION_CONDITIONS = DEBUG;
				SWIFT_OPTIMIZATION_LEVEL = "-Onone";
			};
			name = Debug;
		};
		5A9D80972AA2E4E900F9677C /* Release */ = {
			isa = XCBuildConfiguration;
			buildSettings = {
				ALWAYS_SEARCH_USER_PATHS = NO;
				CLANG_ANALYZER_NONNULL = YES;
				CLANG_ANALYZER_NUMBER_OBJECT_CONVERSION = YES_AGGRESSIVE;
				CLANG_CXX_LANGUAGE_STANDARD = "gnu++20";
				CLANG_ENABLE_MODULES = YES;
				CLANG_ENABLE_OBJC_ARC = YES;
				CLANG_ENABLE_OBJC_WEAK = YES;
				CLANG_WARN_BLOCK_CAPTURE_AUTORELEASING = YES;
				CLANG_WARN_BOOL_CONVERSION = YES;
				CLANG_WARN_COMMA = YES;
				CLANG_WARN_CONSTANT_CONVERSION = YES;
				CLANG_WARN_DEPRECATED_OBJC_IMPLEMENTATIONS = YES;
				CLANG_WARN_DIRECT_OBJC_ISA_USAGE = YES_ERROR;
				CLANG_WARN_DOCUMENTATION_COMMENTS = YES;
				CLANG_WARN_EMPTY_BODY = YES;
				CLANG_WARN_ENUM_CONVERSION = YES;
				CLANG_WARN_INFINITE_RECURSION = YES;
				CLANG_WARN_INT_CONVERSION = YES;
				CLANG_WARN_NON_LITERAL_NULL_CONVERSION = YES;
				CLANG_WARN_OBJC_IMPLICIT_RETAIN_SELF = YES;
				CLANG_WARN_OBJC_LITERAL_CONVERSION = YES;
				CLANG_WARN_OBJC_ROOT_CLASS = YES_ERROR;
				CLANG_WARN_QUOTED_INCLUDE_IN_FRAMEWORK_HEADER = YES;
				CLANG_WARN_RANGE_LOOP_ANALYSIS = YES;
				CLANG_WARN_STRICT_PROTOTYPES = YES;
				CLANG_WARN_SUSPICIOUS_MOVE = YES;
				CLANG_WARN_UNGUARDED_AVAILABILITY = YES_AGGRESSIVE;
				CLANG_WARN_UNREACHABLE_CODE = YES;
				CLANG_WARN__DUPLICATE_METHOD_MATCH = YES;
				COPY_PHASE_STRIP = NO;
				DEBUG_INFORMATION_FORMAT = "dwarf-with-dsym";
				ENABLE_NS_ASSERTIONS = NO;
				ENABLE_STRICT_OBJC_MSGSEND = YES;
				GCC_C_LANGUAGE_STANDARD = gnu11;
				GCC_NO_COMMON_BLOCKS = YES;
				GCC_WARN_64_TO_32_BIT_CONVERSION = YES;
				GCC_WARN_ABOUT_RETURN_TYPE = YES_ERROR;
				GCC_WARN_UNDECLARED_SELECTOR = YES;
				GCC_WARN_UNINITIALIZED_AUTOS = YES_AGGRESSIVE;
				GCC_WARN_UNUSED_FUNCTION = YES;
				GCC_WARN_UNUSED_VARIABLE = YES;
				IPHONEOS_DEPLOYMENT_TARGET = 16.4;
				MTL_ENABLE_DEBUG_INFO = NO;
				MTL_FAST_MATH = YES;
				SDKROOT = iphoneos;
				SWIFT_COMPILATION_MODE = wholemodule;
				SWIFT_OPTIMIZATION_LEVEL = "-O";
				VALIDATE_PRODUCT = YES;
			};
			name = Release;
		};
		5A9D80992AA2E4E900F9677C /* Debug */ = {
			isa = XCBuildConfiguration;
			buildSettings = {
				ASSETCATALOG_COMPILER_APPICON_NAME = AppIcon;
				ASSETCATALOG_COMPILER_GLOBAL_ACCENT_COLOR_NAME = AccentColor;
				CODE_SIGN_ENTITLEMENTS = CSDS395/CSDS395.entitlements;
				CODE_SIGN_IDENTITY = "Apple Development";
				CODE_SIGN_STYLE = Automatic;
				CURRENT_PROJECT_VERSION = 1;
				DEVELOPMENT_ASSET_PATHS = "\"CSDS395/Preview Content\"";
				DEVELOPMENT_TEAM = D3Z862B54W;
				ENABLE_PREVIEWS = YES;
				GENERATE_INFOPLIST_FILE = YES;
				INFOPLIST_KEY_UIApplicationSceneManifest_Generation = YES;
				INFOPLIST_KEY_UIApplicationSupportsIndirectInputEvents = YES;
				INFOPLIST_KEY_UILaunchScreen_Generation = YES;
				INFOPLIST_KEY_UISupportedInterfaceOrientations_iPad = "UIInterfaceOrientationPortrait UIInterfaceOrientationPortraitUpsideDown UIInterfaceOrientationLandscapeLeft UIInterfaceOrientationLandscapeRight";
				INFOPLIST_KEY_UISupportedInterfaceOrientations_iPhone = "UIInterfaceOrientationPortrait UIInterfaceOrientationLandscapeLeft UIInterfaceOrientationLandscapeRight";
				LD_RUNPATH_SEARCH_PATHS = (
					"$(inherited)",
					"@executable_path/Frameworks",
				);
				MARKETING_VERSION = 1.0;
				PRODUCT_BUNDLE_IDENTIFIER = com.SRPROJ.CSDS395;
				PRODUCT_NAME = "$(TARGET_NAME)";
				PROVISIONING_PROFILE_SPECIFIER = "";
				SWIFT_EMIT_LOC_STRINGS = YES;
				SWIFT_VERSION = 5.0;
				TARGETED_DEVICE_FAMILY = "1,2";
			};
			name = Debug;
		};
		5A9D809A2AA2E4E900F9677C /* Release */ = {
			isa = XCBuildConfiguration;
			buildSettings = {
				ASSETCATALOG_COMPILER_APPICON_NAME = AppIcon;
				ASSETCATALOG_COMPILER_GLOBAL_ACCENT_COLOR_NAME = AccentColor;
				CODE_SIGN_ENTITLEMENTS = CSDS395/CSDS395.entitlements;
				CODE_SIGN_IDENTITY = "Apple Development";
				CODE_SIGN_STYLE = Automatic;
				CURRENT_PROJECT_VERSION = 1;
				DEVELOPMENT_ASSET_PATHS = "\"CSDS395/Preview Content\"";
				DEVELOPMENT_TEAM = D3Z862B54W;
				ENABLE_PREVIEWS = YES;
				GENERATE_INFOPLIST_FILE = YES;
				INFOPLIST_KEY_UIApplicationSceneManifest_Generation = YES;
				INFOPLIST_KEY_UIApplicationSupportsIndirectInputEvents = YES;
				INFOPLIST_KEY_UILaunchScreen_Generation = YES;
				INFOPLIST_KEY_UISupportedInterfaceOrientations_iPad = "UIInterfaceOrientationPortrait UIInterfaceOrientationPortraitUpsideDown UIInterfaceOrientationLandscapeLeft UIInterfaceOrientationLandscapeRight";
				INFOPLIST_KEY_UISupportedInterfaceOrientations_iPhone = "UIInterfaceOrientationPortrait UIInterfaceOrientationLandscapeLeft UIInterfaceOrientationLandscapeRight";
				LD_RUNPATH_SEARCH_PATHS = (
					"$(inherited)",
					"@executable_path/Frameworks",
				);
				MARKETING_VERSION = 1.0;
				PRODUCT_BUNDLE_IDENTIFIER = com.SRPROJ.CSDS395;
				PRODUCT_NAME = "$(TARGET_NAME)";
				PROVISIONING_PROFILE_SPECIFIER = "";
				SWIFT_EMIT_LOC_STRINGS = YES;
				SWIFT_VERSION = 5.0;
				TARGETED_DEVICE_FAMILY = "1,2";
			};
			name = Release;
		};
/* End XCBuildConfiguration section */

/* Begin XCConfigurationList section */
		5A9D80802AA2E4E700F9677C /* Build configuration list for PBXProject "CSDS395" */ = {
			isa = XCConfigurationList;
			buildConfigurations = (
				5A9D80962AA2E4E900F9677C /* Debug */,
				5A9D80972AA2E4E900F9677C /* Release */,
			);
			defaultConfigurationIsVisible = 0;
			defaultConfigurationName = Release;
		};
		5A9D80982AA2E4E900F9677C /* Build configuration list for PBXNativeTarget "CSDS395" */ = {
			isa = XCConfigurationList;
			buildConfigurations = (
				5A9D80992AA2E4E900F9677C /* Debug */,
				5A9D809A2AA2E4E900F9677C /* Release */,
			);
			defaultConfigurationIsVisible = 0;
			defaultConfigurationName = Release;
		};
/* End XCConfigurationList section */

/* Begin XCRemoteSwiftPackageReference section */
		5A79D89C2AF5E75C00682DC2 /* XCRemoteSwiftPackageReference "WrappingHStack" */ = {
			isa = XCRemoteSwiftPackageReference;
			repositoryURL = "https://github.com/dkk/WrappingHStack.git";
			requirement = {
				kind = upToNextMajorVersion;
				minimumVersion = 2.0.0;
			};
		};
		BF6DE02E2AAE82E8004E19F8 /* XCRemoteSwiftPackageReference "soto" */ = {
			isa = XCRemoteSwiftPackageReference;
			repositoryURL = "https://github.com/soto-project/soto.git";
			requirement = {
				kind = upToNextMajorVersion;
				minimumVersion = 6.0.0;
			};
		};
/* End XCRemoteSwiftPackageReference section */

/* Begin XCSwiftPackageProductDependency section */
		5A79D89D2AF5E75C00682DC2 /* WrappingHStack */ = {
			isa = XCSwiftPackageProductDependency;
			package = 5A79D89C2AF5E75C00682DC2 /* XCRemoteSwiftPackageReference "WrappingHStack" */;
			productName = WrappingHStack;
		};
		BF6DE02F2AAE82E8004E19F8 /* SotoS3 */ = {
			isa = XCSwiftPackageProductDependency;
			package = BF6DE02E2AAE82E8004E19F8 /* XCRemoteSwiftPackageReference "soto" */;
			productName = SotoS3;
		};
/* End XCSwiftPackageProductDependency section */

/* Begin XCVersionGroup section */
		5A9D80932AA2E4E900F9677C /* CSDS395.xcdatamodeld */ = {
			isa = XCVersionGroup;
			children = (
				5A9D80942AA2E4E900F9677C /* CSDS395.xcdatamodel */,
			);
			currentVersion = 5A9D80942AA2E4E900F9677C /* CSDS395.xcdatamodel */;
			path = CSDS395.xcdatamodeld;
			sourceTree = "<group>";
			versionGroupType = wrapper.xcdatamodel;
		};
/* End XCVersionGroup section */
	};
	rootObject = 5A9D807D2AA2E4E700F9677C /* Project object */;
}
